
Microsoft Visual Studio Solution File, Format Version 12.00
# Visual Studio Version 17
VisualStudioVersion = 17.10.35013.160
MinimumVisualStudioVersion = 10.0.40219.1
Project("{FAE04EC0-301F-11D3-BF4B-00C04F79EFBC}") = "srs2srgf", "srs2srgf\srs2srgf.csproj", "{C56A8F45-4017-4FEE-82C4-0C9B7702092E}"
EndProject
Global
	GlobalSection(SolutionConfigurationPlatforms) = preSolution
		Debug|Any CPU = Debug|Any CPU
		Release|Any CPU = Release|Any CPU
	EndGlobalSection
	GlobalSection(ProjectConfigurationPlatforms) = postSolution
		{C56A8F45-4017-4FEE-82C4-0C9B7702092E}.Debug|Any CPU.ActiveCfg = Debug|Any CPU
		{C56A8F45-4017-4FEE-82C4-0C9B7702092E}.Debug|Any CPU.Build.0 = Debug|Any CPU
		{C56A8F45-4017-4FEE-82C4-0C9B7702092E}.Release|Any CPU.ActiveCfg = Release|Any CPU
		{C56A8F45-4017-4FEE-82C4-0C9B7702092E}.Release|Any CPU.Build.0 = Release|Any CPU
	EndGlobalSection
	GlobalSection(SolutionProperties) = preSolution
		HideSolutionNode = FALSE
	EndGlobalSection
	GlobalSection(ExtensibilityGlobals) = postSolution
		SolutionGuid = {B2CE6495-D338-44F2-889D-3616D6B929E0}
	EndGlobalSection
EndGlobal
